
Microsoft Visual Studio Solution File, Format Version 12.00
# Visual Studio Version 16
VisualStudioVersion = 16.0.31729.503
MinimumVisualStudioVersion = 10.0.40219.1
Project("{9A19103F-16F7-4668-BE54-9A1E7A4F7556}") = "OOP-Csharp", "OOP-Csharp\OOP-Csharp.csproj", "{C72018EF-FD91-4738-883A-4E14A5F945E1}"
EndProject
Project("{FAE04EC0-301F-11D3-BF4B-00C04F79EFBC}") = "Csharp_Test", "Csharp_Test\Csharp_Test.csproj", "{8F0B6920-EF5C-44AC-8311-3F751BC82934}"
EndProject
Global
	GlobalSection(SolutionConfigurationPlatforms) = preSolution
		Debug|Any CPU = Debug|Any CPU
		Release|Any CPU = Release|Any CPU
	EndGlobalSection
	GlobalSection(ProjectConfigurationPlatforms) = postSolution
		{C72018EF-FD91-4738-883A-4E14A5F945E1}.Debug|Any CPU.ActiveCfg = Debug|Any CPU
		{C72018EF-FD91-4738-883A-4E14A5F945E1}.Debug|Any CPU.Build.0 = Debug|Any CPU
		{C72018EF-FD91-4738-883A-4E14A5F945E1}.Release|Any CPU.ActiveCfg = Release|Any CPU
		{C72018EF-FD91-4738-883A-4E14A5F945E1}.Release|Any CPU.Build.0 = Release|Any CPU
		{8F0B6920-EF5C-44AC-8311-3F751BC82934}.Debug|Any CPU.ActiveCfg = Debug|Any CPU
		{8F0B6920-EF5C-44AC-8311-3F751BC82934}.Debug|Any CPU.Build.0 = Debug|Any CPU
		{8F0B6920-EF5C-44AC-8311-3F751BC82934}.Release|Any CPU.ActiveCfg = Release|Any CPU
		{8F0B6920-EF5C-44AC-8311-3F751BC82934}.Release|Any CPU.Build.0 = Release|Any CPU
	EndGlobalSection
	GlobalSection(SolutionProperties) = preSolution
		HideSolutionNode = FALSE
	EndGlobalSection
	GlobalSection(ExtensibilityGlobals) = postSolution
		SolutionGuid = {5EE66B2B-D405-46F3-907E-29805C4D2567}
	EndGlobalSection
EndGlobal
